
Microsoft Visual Studio Solution File, Format Version 12.00
# Visual Studio Version 16
VisualStudioVersion = 16.0.33927.289
MinimumVisualStudioVersion = 10.0.40219.1
Project("{2150E333-8FDC-42A3-9474-1A3956D46DE8}") = "Task0", "Task0", "{F44EA9D0-8578-437E-B65B-88D987992981}"
EndProject
Project("{FAE04EC0-301F-11D3-BF4B-00C04F79EFBC}") = "Tyuiu.LebedevIV.Sprint2.Task0.V22", "Tyuiu.LebedevIV.Sprint2.Task0.V22\Tyuiu.LebedevIV.Sprint2.Task0.V22.csproj", "{CC1B96BB-9498-4CC2-A960-139BBB8C5AC5}"
EndProject
Project("{FAE04EC0-301F-11D3-BF4B-00C04F79EFBC}") = "Tyuiu.LebedevIV.Sprint2.Task0.V22.Lib", "Tyuiu.LebedevIV.Sprint2.Task0.V22.Lib\Tyuiu.LebedevIV.Sprint2.Task0.V22.Lib.csproj", "{46A1EB34-E81B-41C5-913B-0B2B170227F2}"
EndProject
Project("{FAE04EC0-301F-11D3-BF4B-00C04F79EFBC}") = "Tyuiu.LebedevIV.Sprint2.Task0.V22.Test", "Tyuiu.LebedevIV.Sprint2.Task0.V22.Test\Tyuiu.LebedevIV.Sprint2.Task0.V22.Test.csproj", "{1035B9C1-35C1-4438-AFDF-BCD1ED69F29A}"
EndProject
Project("{2150E333-8FDC-42A3-9474-1A3956D46DE8}") = "Task1", "Task1", "{C56B7360-2CFD-4513-ABDF-83C82E011DED}"
EndProject
Project("{FAE04EC0-301F-11D3-BF4B-00C04F79EFBC}") = "Tyuiu.LebedevIV.Sprint2.Task1.V12", "Tyuiu.LebedevIV.Sprint2.Task1.V12\Tyuiu.LebedevIV.Sprint2.Task1.V12.csproj", "{AE41513F-9B04-4123-A657-11616BB37EFE}"
EndProject
Project("{FAE04EC0-301F-11D3-BF4B-00C04F79EFBC}") = "Tyuiu.LebedevIV.Sprint2.Task1.V12.Test", "Tyuiu.LebedevIV.Sprint2.Task1.V12.Test\Tyuiu.LebedevIV.Sprint2.Task1.V12.Test.csproj", "{D8532834-2904-4CD9-B404-8ED0FFCB5171}"
EndProject
Project("{FAE04EC0-301F-11D3-BF4B-00C04F79EFBC}") = "Tyuiu.LebedevIV.Sprint2.Task1.V12.Lib", "Tyuiu.LebedevIV.Sprint2.Task1.V12.Lib\Tyuiu.LebedevIV.Sprint2.Task1.V12.Lib.csproj", "{F19D48BD-960C-4936-8725-584A36E9B704}"
EndProject
Project("{2150E333-8FDC-42A3-9474-1A3956D46DE8}") = "Task3", "Task3", "{C49C1DBF-C93E-44B4-A183-861B591B7F98}"
EndProject
Project("{FAE04EC0-301F-11D3-BF4B-00C04F79EFBC}") = "Tyuiu.LebedevIV.Sprint2.Task2.V17", "Tyuiu.LebedevIV.Sprint2.Task2.V17\Tyuiu.LebedevIV.Sprint2.Task2.V17.csproj", "{1751F17D-5E43-4327-85C2-BA3FC3ED6677}"
EndProject
Project("{FAE04EC0-301F-11D3-BF4B-00C04F79EFBC}") = "Tyuiu.LebedevIV.Sprint2.Task2.V17.Lib", "Tyuiu.LebedevIV.Sprint2.Task2.V17.Lib\Tyuiu.LebedevIV.Sprint2.Task2.V17.Lib.csproj", "{B11F71F2-B403-412B-A64A-46B8E89FE07C}"
EndProject
Project("{FAE04EC0-301F-11D3-BF4B-00C04F79EFBC}") = "Tyuiu.LebedevIV.Sprint2.Task2.V17.Test", "Tyuiu.LebedevIV.Sprint2.Task2.V17.Test\Tyuiu.LebedevIV.Sprint2.Task2.V17.Test.csproj", "{6079B0EC-0147-4E5B-A3F6-5D1F1826D68C}"
EndProject
Global
	GlobalSection(SolutionConfigurationPlatforms) = preSolution
		Debug|Any CPU = Debug|Any CPU
		Release|Any CPU = Release|Any CPU
	EndGlobalSection
	GlobalSection(ProjectConfigurationPlatforms) = postSolution
		{CC1B96BB-9498-4CC2-A960-139BBB8C5AC5}.Debug|Any CPU.ActiveCfg = Debug|Any CPU
		{CC1B96BB-9498-4CC2-A960-139BBB8C5AC5}.Debug|Any CPU.Build.0 = Debug|Any CPU
		{CC1B96BB-9498-4CC2-A960-139BBB8C5AC5}.Release|Any CPU.ActiveCfg = Release|Any CPU
		{CC1B96BB-9498-4CC2-A960-139BBB8C5AC5}.Release|Any CPU.Build.0 = Release|Any CPU
		{46A1EB34-E81B-41C5-913B-0B2B170227F2}.Debug|Any CPU.ActiveCfg = Debug|Any CPU
		{46A1EB34-E81B-41C5-913B-0B2B170227F2}.Debug|Any CPU.Build.0 = Debug|Any CPU
		{46A1EB34-E81B-41C5-913B-0B2B170227F2}.Release|Any CPU.ActiveCfg = Release|Any CPU
		{46A1EB34-E81B-41C5-913B-0B2B170227F2}.Release|Any CPU.Build.0 = Release|Any CPU
		{1035B9C1-35C1-4438-AFDF-BCD1ED69F29A}.Debug|Any CPU.ActiveCfg = Debug|Any CPU
		{1035B9C1-35C1-4438-AFDF-BCD1ED69F29A}.Debug|Any CPU.Build.0 = Debug|Any CPU
		{1035B9C1-35C1-4438-AFDF-BCD1ED69F29A}.Release|Any CPU.ActiveCfg = Release|Any CPU
		{1035B9C1-35C1-4438-AFDF-BCD1ED69F29A}.Release|Any CPU.Build.0 = Release|Any CPU
		{AE41513F-9B04-4123-A657-11616BB37EFE}.Debug|Any CPU.ActiveCfg = Debug|Any CPU
		{AE41513F-9B04-4123-A657-11616BB37EFE}.Debug|Any CPU.Build.0 = Debug|Any CPU
		{AE41513F-9B04-4123-A657-11616BB37EFE}.Release|Any CPU.ActiveCfg = Release|Any CPU
		{AE41513F-9B04-4123-A657-11616BB37EFE}.Release|Any CPU.Build.0 = Release|Any CPU
		{D8532834-2904-4CD9-B404-8ED0FFCB5171}.Debug|Any CPU.ActiveCfg = Debug|Any CPU
		{D8532834-2904-4CD9-B404-8ED0FFCB5171}.Debug|Any CPU.Build.0 = Debug|Any CPU
		{D8532834-2904-4CD9-B404-8ED0FFCB5171}.Release|Any CPU.ActiveCfg = Release|Any CPU
		{D8532834-2904-4CD9-B404-8ED0FFCB5171}.Release|Any CPU.Build.0 = Release|Any CPU
		{F19D48BD-960C-4936-8725-584A36E9B704}.Debug|Any CPU.ActiveCfg = Debug|Any CPU
		{F19D48BD-960C-4936-8725-584A36E9B704}.Debug|Any CPU.Build.0 = Debug|Any CPU
		{F19D48BD-960C-4936-8725-584A36E9B704}.Release|Any CPU.ActiveCfg = Release|Any CPU
		{F19D48BD-960C-4936-8725-584A36E9B704}.Release|Any CPU.Build.0 = Release|Any CPU
		{1751F17D-5E43-4327-85C2-BA3FC3ED6677}.Debug|Any CPU.ActiveCfg = Debug|Any CPU
		{1751F17D-5E43-4327-85C2-BA3FC3ED6677}.Debug|Any CPU.Build.0 = Debug|Any CPU
		{1751F17D-5E43-4327-85C2-BA3FC3ED6677}.Release|Any CPU.ActiveCfg = Release|Any CPU
		{1751F17D-5E43-4327-85C2-BA3FC3ED6677}.Release|Any CPU.Build.0 = Release|Any CPU
		{B11F71F2-B403-412B-A64A-46B8E89FE07C}.Debug|Any CPU.ActiveCfg = Debug|Any CPU
		{B11F71F2-B403-412B-A64A-46B8E89FE07C}.Debug|Any CPU.Build.0 = Debug|Any CPU
		{B11F71F2-B403-412B-A64A-46B8E89FE07C}.Release|Any CPU.ActiveCfg = Release|Any CPU
		{B11F71F2-B403-412B-A64A-46B8E89FE07C}.Release|Any CPU.Build.0 = Release|Any CPU
		{6079B0EC-0147-4E5B-A3F6-5D1F1826D68C}.Debug|Any CPU.ActiveCfg = Debug|Any CPU
		{6079B0EC-0147-4E5B-A3F6-5D1F1826D68C}.Debug|Any CPU.Build.0 = Debug|Any CPU
		{6079B0EC-0147-4E5B-A3F6-5D1F1826D68C}.Release|Any CPU.ActiveCfg = Release|Any CPU
		{6079B0EC-0147-4E5B-A3F6-5D1F1826D68C}.Release|Any CPU.Build.0 = Release|Any CPU
	EndGlobalSection
	GlobalSection(SolutionProperties) = preSolution
		HideSolutionNode = FALSE
	EndGlobalSection
	GlobalSection(NestedProjects) = preSolution
		{CC1B96BB-9498-4CC2-A960-139BBB8C5AC5} = {F44EA9D0-8578-437E-B65B-88D987992981}
		{46A1EB34-E81B-41C5-913B-0B2B170227F2} = {F44EA9D0-8578-437E-B65B-88D987992981}
		{1035B9C1-35C1-4438-AFDF-BCD1ED69F29A} = {F44EA9D0-8578-437E-B65B-88D987992981}
		{AE41513F-9B04-4123-A657-11616BB37EFE} = {C56B7360-2CFD-4513-ABDF-83C82E011DED}
		{D8532834-2904-4CD9-B404-8ED0FFCB5171} = {C56B7360-2CFD-4513-ABDF-83C82E011DED}
		{F19D48BD-960C-4936-8725-584A36E9B704} = {C56B7360-2CFD-4513-ABDF-83C82E011DED}
		{1751F17D-5E43-4327-85C2-BA3FC3ED6677} = {C49C1DBF-C93E-44B4-A183-861B591B7F98}
		{B11F71F2-B403-412B-A64A-46B8E89FE07C} = {C49C1DBF-C93E-44B4-A183-861B591B7F98}
		{6079B0EC-0147-4E5B-A3F6-5D1F1826D68C} = {C49C1DBF-C93E-44B4-A183-861B591B7F98}
	EndGlobalSection
	GlobalSection(ExtensibilityGlobals) = postSolution
		SolutionGuid = {09F2BB8B-44B1-4F96-B227-E36B71EC1075}
	EndGlobalSection
EndGlobal
